<?xml version="1.0" encoding="utf-8"?>
<Project ToolsVersion="15.0" xmlns="http://schemas.microsoft.com/developer/msbuild/2003">
  <ItemGroup>
    <Filter Include="Common">
      <UniqueIdentifier>13445773-bcd3-4da5-a2d0-30be46bb50e1</UniqueIdentifier>
    </Filter>
    <Filter Include="Assets">
      <UniqueIdentifier>c17e98c7-07cd-48d2-9295-7eec06e1f683</UniqueIdentifier>
      <Extensions>bmp;fbx;gif;jpg;jpeg;tga;tiff;tif;png</Extensions>
    </Filter>
  </ItemGroup>
  <ItemGroup>
    <ApplicationDefinition Include="App.xaml" />
  </ItemGroup>
  <ItemGroup>
    <ClCompile Include="App.xaml.cpp" />
    <ClCompile Include="MainPage.xaml.cpp" />
    <ClCompile Include="pch.cpp" />
    <ClCompile Include="Helper.cpp" />
  </ItemGroup>
  <ItemGroup>
    <ClInclude Include="pch.h" />
    <ClInclude Include="App.xaml.h" />
    <ClInclude Include="MainPage.xaml.h" />
  </ItemGroup>
  <ItemGroup>
    <Image Include="Assets\LockScreenLogo.scale-200.png">
      <Filter>Assets</Filter>
    </Image>
    <Image Include="Assets\SplashScreen.scale-200.png">
      <Filter>Assets</Filter>
    </Image>
    <Image Include="Assets\Square150x150Logo.scale-200.png">
      <Filter>Assets</Filter>
    </Image>
    <Image Include="Assets\Square44x44Logo.scale-200.png">
      <Filter>Assets</Filter>
    </Image>
    <Image Include="Assets\Square44x44Logo.targetsize-24_altform-unplated.png">
      <Filter>Assets</Filter>
    </Image>
    <Image Include="Assets\StoreLogo.png">
      <Filter>Assets</Filter>
    </Image>
    <Image Include="Assets\Wide310x150Logo.scale-200.png">
      <Filter>Assets</Filter>
    </Image>
    <Image Include="Assets\broccoli.jpg">
      <Filter>Assets</Filter>
    </Image>
    <Image Include="Assets\cauliflower.jpg">
      <Filter>Assets</Filter>
    </Image>
    <Image Include="Assets\snow-leopard.jpg">
      <Filter>Assets</Filter>
    </Image>
    <Image Include="Assets\timber-wolf.jpg">
      <Filter>Assets</Filter>
    </Image>
  </ItemGroup>
  <ItemGroup>
    <AppxManifest Include="Package.appxmanifest" />
  </ItemGroup>
  <ItemGroup>
    <None Include="ImageRecognitionUWP_TemporaryKey.pfx" />
    <None Include="Assets\ResNet18_ImageNet_CNTK.model" />
    <None Include="D:\g\CNTK-arturl\x64\Debug_UWP\CNTKv2LibraryDll\Cntk.Core_app-2.0d.dll" />
    <None Include="D:\g\CNTK-arturl\x64\Debug_UWP\Math\Cntk.Math_app-2.0d.dll" />
    <None Include="D:\g\CNTK-arturl\x64\Debug_UWP\EvalDll\Cntk.Eval_app-2.0d.dll" />
    <None Include="D:\g\CNTK-arturl\x64\Release_UWP\CNTKv2LibraryDll\Cntk.Core_app-2.0.dll" />
    <None Include="D:\g\CNTK-arturl\x64\Release_UWP\Math\Cntk.Math_app-2.0.dll" />
    <None Include="D:\g\CNTK-arturl\x64\Release_UWP\EvalDll\Cntk.Eval_app-2.0.dll" />
  </ItemGroup>
  <ItemGroup>
    <Page Include="MainPage.xaml" />
  </ItemGroup>
</Project>